github.com/Pacerino/postal-go v0.0.0-20240122224334-7b216dcadf97 h1:1//hyKzLBHj3+zWpna+B26WN54ohiW5L05Wr4C6paRg=
github.com/Pacerino/postal-go v0.0.0-20240122224334-7b216dcadf97/go.mod h1:oPZtc/mDmTwCAXgSPi0L5KipSt4WZSG8PtqTz0FN6T4=
github.com/PayRam/event-emitter v1.0.3 h1:XDebNyKjD2IV1qCdhmyYFvJTzuzTAOUiLOc3pUNoDvE=
github.com/PayRam/event-emitter v1.0.3/go.mod h1:7hvzh85/2en27TSq9Qt2cEv+Z4PXyQHTBgoZHLJGiII=
github.com/davecgh/go-spew v1.1.1 h1:vj9j/u1bqnvCEfJOwUhtlOARqs3+rkHYY13jYWTU97c=
github.com/davecgh/go-spew v1.1.1/go.mod h1:J7Y8YcW2NihsgmVo/mv3lAwl/skON4iLHjSsI+c5H38=
github.com/go-gormigrate/gormigrate/v2 v2.1.2 h1:F/d1hpHbRAvKezziV2CC5KUE82cVe9zTgHSBoOOZ4CY=
github.com/go-gormigrate/gormigrate/v2 v2.1.2/go.mod h1:9nHVX6z3FCMCQPA7PThGcA55t22yKQfK/Dnsf5i7hUo=
github.com/go-mail/mail v2.3.1+incompatible h1:UzNOn0k5lpfVtO31cK3hn6I4VEVGhe3lX8AJBAxXExM=
github.com/go-mail/mail v2.3.1+incompatible/go.mod h1:VPWjmmNyRsWXQZHVHT3g0YbIINUkSmuKOiLIDkWbL6M=
github.com/jinzhu/inflection v1.0.0 h1:K317FqzuhWc8YvSVlFMCCUb36O/S9MCKRDI7QkRKD/E=
github.com/jinzhu/inflection v1.0.0/go.mod h1:h+uFLlag+Qp1Va5pdKtLDYj+kHp5pxUVkryuEj+Srlc=
github.com/jinzhu/now v1.1.5 h1:/o9tlHleP7gOFmsnYNz3RGnqzefHA47wQpKrrdTIwXQ=
github.com/jinzhu/now v1.1.5/go.mod h1:d3SSVoowX0Lcu0IBviAWJpolVfI5UJVZZ7cO71lE/z8=
github.com/mattn/go-sqlite3 v1.14.17 h1:mCRHCLDUBXgpKAqIKsaAaAsrAlbkeomtRFKXh2L6YIM=
github.com/mattn/go-sqlite3 v1.14.17/go.mod h1:2eHXhiwb8IkHr+BDWZGa96P6+rkvnG63S2DGjv9HUNg=
github.com/pmezard/go-difflib v1.0.0 h1:4DBwDE0NGyQoBHbLQYPwSUPoCMWR5BEzIk/f1lZbAQM=
github.com/pmezard/go-difflib v1.0.0/go.mod h1:iKH77koFhYxTK1pcRnkKkqfTogsbg7gZNVY4sRDYZ/4=
github.com/stretchr/testify v1.10.0 h1:Xv5erBjTwe/5IxqUQTdXv5kgmIvbHo3QQyRwhJsOfJA=
github.com/stretchr/testify v1.10.0/go.mod h1:r2ic/lqez/lEtzL7wO/rwa5dbSLXVDPFyf8C91i36aY=
gopkg.in/alexcesaro/quotedprintable.v3 v3.0.0-20150716171945-2caba252f4dc h1:2gGKlE2+asNV9m7xrywl36YYNnBG5ZQ0r/BOOxqPpmk=
gopkg.in/alexcesaro/quotedprintable.v3 v3.0.0-20150716171945-2caba252f4dc/go.mod h1:m7x9LTH6d71AHyAX77c9yqWCCa3UKHcVEj9y7hAtKDk=
gopkg.in/mail.v2 v2.3.1 h1:WYFn/oANrAGP2C0dcV6/pbkPzv8yGzqTjPmTeO7qoXk=
gopkg.in/mail.v2 v2.3.1/go.mod h1:htwXN1Qh09vZJ1NVKxQqHPBaCBbzKhp5GzuJEA4VJWw=
gopkg.in/yaml.v3 v3.0.1 h1:fxVm/GzAzEWqLHuvctI91KS9hhNmmWOoWu0XTYJS7CA=
gopkg.in/yaml.v3 v3.0.1/go.mod h1:K4uyk7z7BCEPqu6E+C64Yfv1cQ7kz7rIZviUmN+EgEM=
gorm.io/driver/sqlite v1.5.5 h1:7MDMtUZhV065SilG62E0MquljeArQZNfJnjd9i9gx3E=
gorm.io/driver/sqlite v1.5.5/go.mod h1:6NgQ7sQWAIFsPrJJl1lSNSu2TABh0ZZ/zm5fosATavE=
gorm.io/gorm v1.25.8 h1:WAGEZ/aEcznN4D03laj8DKnehe1e9gYQAjW8xyPRdeo=
gorm.io/gorm v1.25.8/go.mod h1:hbnx/Oo0ChWMn1BIhpy1oYozzpM15i4YPuHDmfYtwg8=
